// !$*UTF8*$!
{
	archiveVersion = 1;
	classes = {
	};
	objectVersion = 50;
	objects = {

/* Begin PBXBuildFile section */
		93321239248FB498008F0278 /* UserDefaultsKeys.swift in Sources */ = {isa = PBXBuildFile; fileRef = 93321238248FB498008F0278 /* UserDefaultsKeys.swift */; };
		9332123B248FC152008F0278 /* PhotoViewController.swift in Sources */ = {isa = PBXBuildFile; fileRef = 9332123A248FC152008F0278 /* PhotoViewController.swift */; };
		9344C07124904B550075B153 /* FlickrClient.swift in Sources */ = {isa = PBXBuildFile; fileRef = 9344C07024904B550075B153 /* FlickrClient.swift */; };
		9344C073249055690075B153 /* FlickrPhoto.swift in Sources */ = {isa = PBXBuildFile; fileRef = 9344C072249055690075B153 /* FlickrPhoto.swift */; };
		9344C077249060CC0075B153 /* FlickrPhotosPage.swift in Sources */ = {isa = PBXBuildFile; fileRef = 9344C076249060CC0075B153 /* FlickrPhotosPage.swift */; };
		9344C07A249062480075B153 /* FlickrFailedResponse.swift in Sources */ = {isa = PBXBuildFile; fileRef = 9344C079249062480075B153 /* FlickrFailedResponse.swift */; };
		9344C07C249062E40075B153 /* FlickrGetPhotosReponse.swift in Sources */ = {isa = PBXBuildFile; fileRef = 9344C07B249062E40075B153 /* FlickrGetPhotosReponse.swift */; };
		93642E3824906C5C00E97147 /* PhotoCollectionViewCell.swift in Sources */ = {isa = PBXBuildFile; fileRef = 93642E3724906C5C00E97147 /* PhotoCollectionViewCell.swift */; };
		93642E3A24906E3100E97147 /* ListDataSource.swift in Sources */ = {isa = PBXBuildFile; fileRef = 93642E3924906E3100E97147 /* ListDataSource.swift */; };
		93642E3C2490737200E97147 /* Cell.swift in Sources */ = {isa = PBXBuildFile; fileRef = 93642E3B2490737200E97147 /* Cell.swift */; };
		93642E3E2490835300E97147 /* Photo+Extension.swift in Sources */ = {isa = PBXBuildFile; fileRef = 93642E3D2490835300E97147 /* Photo+Extension.swift */; };
		93AF7C8C248F29AB00E42A9D /* AppDelegate.swift in Sources */ = {isa = PBXBuildFile; fileRef = 93AF7C8B248F29AB00E42A9D /* AppDelegate.swift */; };
		93AF7C8E248F29AB00E42A9D /* SceneDelegate.swift in Sources */ = {isa = PBXBuildFile; fileRef = 93AF7C8D248F29AB00E42A9D /* SceneDelegate.swift */; };
		93AF7C90248F29AB00E42A9D /* MapViewController.swift in Sources */ = {isa = PBXBuildFile; fileRef = 93AF7C8F248F29AB00E42A9D /* MapViewController.swift */; };
		93AF7C93248F29AB00E42A9D /* Main.storyboard in Resources */ = {isa = PBXBuildFile; fileRef = 93AF7C91248F29AB00E42A9D /* Main.storyboard */; };
		93AF7C95248F29AB00E42A9D /* Assets.xcassets in Resources */ = {isa = PBXBuildFile; fileRef = 93AF7C94248F29AB00E42A9D /* Assets.xcassets */; };
		93AF7C98248F29AB00E42A9D /* LaunchScreen.storyboard in Resources */ = {isa = PBXBuildFile; fileRef = 93AF7C96248F29AB00E42A9D /* LaunchScreen.storyboard */; };
		93AF7CA4248F2D4D00E42A9D /* VirtualTour.xcdatamodeld in Sources */ = {isa = PBXBuildFile; fileRef = 93AF7CA2248F2D4D00E42A9D /* VirtualTour.xcdatamodeld */; };
		93AF7CA6248F2E3D00E42A9D /* DataController.swift in Sources */ = {isa = PBXBuildFile; fileRef = 93AF7CA5248F2E3D00E42A9D /* DataController.swift */; };
/* End PBXBuildFile section */

/* Begin PBXFileReference section */
		93321238248FB498008F0278 /* UserDefaultsKeys.swift */ = {isa = PBXFileReference; lastKnownFileType = sourcecode.swift; path = UserDefaultsKeys.swift; sourceTree = "<group>"; };
		9332123A248FC152008F0278 /* PhotoViewController.swift */ = {isa = PBXFileReference; lastKnownFileType = sourcecode.swift; path = PhotoViewController.swift; sourceTree = "<group>"; };
		9344C07024904B550075B153 /* FlickrClient.swift */ = {isa = PBXFileReference; lastKnownFileType = sourcecode.swift; path = FlickrClient.swift; sourceTree = "<group>"; };
		9344C072249055690075B153 /* FlickrPhoto.swift */ = {isa = PBXFileReference; lastKnownFileType = sourcecode.swift; path = FlickrPhoto.swift; sourceTree = "<group>"; };
		9344C076249060CC0075B153 /* FlickrPhotosPage.swift */ = {isa = PBXFileReference; lastKnownFileType = sourcecode.swift; path = FlickrPhotosPage.swift; sourceTree = "<group>"; };
		9344C079249062480075B153 /* FlickrFailedResponse.swift */ = {isa = PBXFileReference; lastKnownFileType = sourcecode.swift; path = FlickrFailedResponse.swift; sourceTree = "<group>"; };
		9344C07B249062E40075B153 /* FlickrGetPhotosReponse.swift */ = {isa = PBXFileReference; lastKnownFileType = sourcecode.swift; path = FlickrGetPhotosReponse.swift; sourceTree = "<group>"; };
		93642E3724906C5C00E97147 /* PhotoCollectionViewCell.swift */ = {isa = PBXFileReference; lastKnownFileType = sourcecode.swift; path = PhotoCollectionViewCell.swift; sourceTree = "<group>"; };
		93642E3924906E3100E97147 /* ListDataSource.swift */ = {isa = PBXFileReference; lastKnownFileType = sourcecode.swift; path = ListDataSource.swift; sourceTree = "<group>"; };
		93642E3B2490737200E97147 /* Cell.swift */ = {isa = PBXFileReference; lastKnownFileType = sourcecode.swift; path = Cell.swift; sourceTree = "<group>"; };
		93642E3D2490835300E97147 /* Photo+Extension.swift */ = {isa = PBXFileReference; lastKnownFileType = sourcecode.swift; path = "Photo+Extension.swift"; sourceTree = "<group>"; };
		93AF7C88248F29AB00E42A9D /* Virtual Tour.app */ = {isa = PBXFileReference; explicitFileType = wrapper.application; includeInIndex = 0; path = "Virtual Tour.app"; sourceTree = BUILT_PRODUCTS_DIR; };
		93AF7C8B248F29AB00E42A9D /* AppDelegate.swift */ = {isa = PBXFileReference; lastKnownFileType = sourcecode.swift; path = AppDelegate.swift; sourceTree = "<group>"; };
		93AF7C8D248F29AB00E42A9D /* SceneDelegate.swift */ = {isa = PBXFileReference; lastKnownFileType = sourcecode.swift; path = SceneDelegate.swift; sourceTree = "<group>"; };
		93AF7C8F248F29AB00E42A9D /* MapViewController.swift */ = {isa = PBXFileReference; lastKnownFileType = sourcecode.swift; path = MapViewController.swift; sourceTree = "<group>"; };
		93AF7C92248F29AB00E42A9D /* Base */ = {isa = PBXFileReference; lastKnownFileType = file.storyboard; name = Base; path = Base.lproj/Main.storyboard; sourceTree = "<group>"; };
		93AF7C94248F29AB00E42A9D /* Assets.xcassets */ = {isa = PBXFileReference; lastKnownFileType = folder.assetcatalog; path = Assets.xcassets; sourceTree = "<group>"; };
		93AF7C97248F29AB00E42A9D /* Base */ = {isa = PBXFileReference; lastKnownFileType = file.storyboard; name = Base; path = Base.lproj/LaunchScreen.storyboard; sourceTree = "<group>"; };
		93AF7C99248F29AB00E42A9D /* Info.plist */ = {isa = PBXFileReference; lastKnownFileType = text.plist.xml; path = Info.plist; sourceTree = "<group>"; };
		93AF7CA3248F2D4D00E42A9D /* VirtualTour.xcdatamodel */ = {isa = PBXFileReference; lastKnownFileType = wrapper.xcdatamodel; path = VirtualTour.xcdatamodel; sourceTree = "<group>"; };
		93AF7CA5248F2E3D00E42A9D /* DataController.swift */ = {isa = PBXFileReference; lastKnownFileType = sourcecode.swift; path = DataController.swift; sourceTree = "<group>"; };
/* End PBXFileReference section */

/* Begin PBXFrameworksBuildPhase section */
		93AF7C85248F29AB00E42A9D /* Frameworks */ = {
			isa = PBXFrameworksBuildPhase;
			buildActionMask = 2147483647;
			files = (
			);
			runOnlyForDeploymentPostprocessing = 0;
		};
/* End PBXFrameworksBuildPhase section */

/* Begin PBXGroup section */
		9344C078249061C00075B153 /* Flickr */ = {
			isa = PBXGroup;
			children = (
				9344C07024904B550075B153 /* FlickrClient.swift */,
				9344C072249055690075B153 /* FlickrPhoto.swift */,
				9344C076249060CC0075B153 /* FlickrPhotosPage.swift */,
				9344C079249062480075B153 /* FlickrFailedResponse.swift */,
				9344C07B249062E40075B153 /* FlickrGetPhotosReponse.swift */,
			);
			path = Flickr;
			sourceTree = "<group>";
		};
		93642E3624906C3900E97147 /* Views */ = {
			isa = PBXGroup;
			children = (
				93642E3724906C5C00E97147 /* PhotoCollectionViewCell.swift */,
				93642E3B2490737200E97147 /* Cell.swift */,
			);
			path = Views;
			sourceTree = "<group>";
		};
		93AF7C7F248F29AB00E42A9D = {
			isa = PBXGroup;
			children = (
				93AF7C8A248F29AB00E42A9D /* Virtual Tour */,
				93AF7C89248F29AB00E42A9D /* Products */,
			);
			sourceTree = "<group>";
		};
		93AF7C89248F29AB00E42A9D /* Products */ = {
			isa = PBXGroup;
			children = (
				93AF7C88248F29AB00E42A9D /* Virtual Tour.app */,
			);
			name = Products;
			sourceTree = "<group>";
		};
		93AF7C8A248F29AB00E42A9D /* Virtual Tour */ = {
			isa = PBXGroup;
			children = (
				93642E3624906C3900E97147 /* Views */,
				93AF7C9F248F2C9A00E42A9D /* Models */,
				93AF7C8B248F29AB00E42A9D /* AppDelegate.swift */,
				93AF7C8D248F29AB00E42A9D /* SceneDelegate.swift */,
				93AF7CA0248F2CA600E42A9D /* Controllers */,
				93AF7CA1248F2CC800E42A9D /* Assets */,
				93AF7C99248F29AB00E42A9D /* Info.plist */,
			);
			path = "Virtual Tour";
			sourceTree = "<group>";
		};
		93AF7C9F248F2C9A00E42A9D /* Models */ = {
			isa = PBXGroup;
			children = (
				93AF7CA2248F2D4D00E42A9D /* VirtualTour.xcdatamodeld */,
				93AF7CA5248F2E3D00E42A9D /* DataController.swift */,
				93321238248FB498008F0278 /* UserDefaultsKeys.swift */,
				9344C078249061C00075B153 /* Flickr */,
				93642E3D2490835300E97147 /* Photo+Extension.swift */,
			);
			path = Models;
			sourceTree = "<group>";
		};
		93AF7CA0248F2CA600E42A9D /* Controllers */ = {
			isa = PBXGroup;
			children = (
				93AF7C8F248F29AB00E42A9D /* MapViewController.swift */,
				9332123A248FC152008F0278 /* PhotoViewController.swift */,
				93642E3924906E3100E97147 /* ListDataSource.swift */,
			);
			path = Controllers;
			sourceTree = "<group>";
		};
		93AF7CA1248F2CC800E42A9D /* Assets */ = {
			isa = PBXGroup;
			children = (
				93AF7C91248F29AB00E42A9D /* Main.storyboard */,
				93AF7C94248F29AB00E42A9D /* Assets.xcassets */,
				93AF7C96248F29AB00E42A9D /* LaunchScreen.storyboard */,
			);
			path = Assets;
			sourceTree = "<group>";
		};
/* End PBXGroup section */

/* Begin PBXNativeTarget section */
		93AF7C87248F29AB00E42A9D /* Virtual Tour */ = {
			isa = PBXNativeTarget;
			buildConfigurationList = 93AF7C9C248F29AB00E42A9D /* Build configuration list for PBXNativeTarget "Virtual Tour" */;
			buildPhases = (
				93AF7C84248F29AB00E42A9D /* Sources */,
				93AF7C85248F29AB00E42A9D /* Frameworks */,
				93AF7C86248F29AB00E42A9D /* Resources */,
			);
			buildRules = (
			);
			dependencies = (
			);
			name = "Virtual Tour";
			productName = "Virtual Tour";
			productReference = 93AF7C88248F29AB00E42A9D /* Virtual Tour.app */;
			productType = "com.apple.product-type.application";
		};
/* End PBXNativeTarget section */

/* Begin PBXProject section */
		93AF7C80248F29AB00E42A9D /* Project object */ = {
			isa = PBXProject;
			attributes = {
				LastSwiftUpdateCheck = 1150;
				LastUpgradeCheck = 1150;
				ORGANIZATIONNAME = "James Consutling LLC";
				TargetAttributes = {
					93AF7C87248F29AB00E42A9D = {
						CreatedOnToolsVersion = 11.5;
					};
				};
			};
			buildConfigurationList = 93AF7C83248F29AB00E42A9D /* Build configuration list for PBXProject "Virtual Tour" */;
			compatibilityVersion = "Xcode 9.3";
			developmentRegion = en;
			hasScannedForEncodings = 0;
			knownRegions = (
				en,
				Base,
			);
			mainGroup = 93AF7C7F248F29AB00E42A9D;
			productRefGroup = 93AF7C89248F29AB00E42A9D /* Products */;
			projectDirPath = "";
			projectRoot = "";
			targets = (
				93AF7C87248F29AB00E42A9D /* Virtual Tour */,
			);
		};
/* End PBXProject section */

/* Begin PBXResourcesBuildPhase section */
		93AF7C86248F29AB00E42A9D /* Resources */ = {
			isa = PBXResourcesBuildPhase;
			buildActionMask = 2147483647;
			files = (
				93AF7C98248F29AB00E42A9D /* LaunchScreen.storyboard in Resources */,
				93AF7C95248F29AB00E42A9D /* Assets.xcassets in Resources */,
				93AF7C93248F29AB00E42A9D /* Main.storyboard in Resources */,
			);
			runOnlyForDeploymentPostprocessing = 0;
		};
/* End PBXResourcesBuildPhase section */

/* Begin PBXSourcesBuildPhase section */
		93AF7C84248F29AB00E42A9D /* Sources */ = {
			isa = PBXSourcesBuildPhase;
			buildActionMask = 2147483647;
			files = (
				93AF7CA6248F2E3D00E42A9D /* DataController.swift in Sources */,
				93642E3824906C5C00E97147 /* PhotoCollectionViewCell.swift in Sources */,
				93642E3E2490835300E97147 /* Photo+Extension.swift in Sources */,
				93642E3C2490737200E97147 /* Cell.swift in Sources */,
				9344C07A249062480075B153 /* FlickrFailedResponse.swift in Sources */,
				93AF7C90248F29AB00E42A9D /* MapViewController.swift in Sources */,
				9344C077249060CC0075B153 /* FlickrPhotosPage.swift in Sources */,
				93AF7CA4248F2D4D00E42A9D /* VirtualTour.xcdatamodeld in Sources */,
				93642E3A24906E3100E97147 /* ListDataSource.swift in Sources */,
				93AF7C8C248F29AB00E42A9D /* AppDelegate.swift in Sources */,
				9344C073249055690075B153 /* FlickrPhoto.swift in Sources */,
				9332123B248FC152008F0278 /* PhotoViewController.swift in Sources */,
				93321239248FB498008F0278 /* UserDefaultsKeys.swift in Sources */,
				93AF7C8E248F29AB00E42A9D /* SceneDelegate.swift in Sources */,
				9344C07124904B550075B153 /* FlickrClient.swift in Sources */,
				9344C07C249062E40075B153 /* FlickrGetPhotosReponse.swift in Sources */,
			);
			runOnlyForDeploymentPostprocessing = 0;
		};
/* End PBXSourcesBuildPhase section */

/* Begin PBXVariantGroup section */
		93AF7C91248F29AB00E42A9D /* Main.storyboard */ = {
			isa = PBXVariantGroup;
			children = (
				93AF7C92248F29AB00E42A9D /* Base */,
			);
			name = Main.storyboard;
			sourceTree = "<group>";
		};
		93AF7C96248F29AB00E42A9D /* LaunchScreen.storyboard */ = {
			isa = PBXVariantGroup;
			children = (
				93AF7C97248F29AB00E42A9D /* Base */,
			);
			name = LaunchScreen.storyboard;
			sourceTree = "<group>";
		};
/* End PBXVariantGroup section */

/* Begin XCBuildConfiguration section */
		93AF7C9A248F29AB00E42A9D /* Debug */ = {
			isa = XCBuildConfiguration;
			buildSettings = {
				ALWAYS_SEARCH_USER_PATHS = NO;
				CLANG_ANALYZER_NONNULL = YES;
				CLANG_ANALYZER_NUMBER_OBJECT_CONVERSION = YES_AGGRESSIVE;
				CLANG_CXX_LANGUAGE_STANDARD = "gnu++14";
				CLANG_CXX_LIBRARY = "libc++";
				CLANG_ENABLE_MODULES = YES;
				CLANG_ENABLE_OBJC_ARC = YES;
				CLANG_ENABLE_OBJC_WEAK = YES;
				CLANG_WARN_BLOCK_CAPTURE_AUTORELEASING = YES;
				CLANG_WARN_BOOL_CONVERSION = YES;
				CLANG_WARN_COMMA = YES;
				CLANG_WARN_CONSTANT_CONVERSION = YES;
				CLANG_WARN_DEPRECATED_OBJC_IMPLEMENTATIONS = YES;
				CLANG_WARN_DIRECT_OBJC_ISA_USAGE = YES_ERROR;
				CLANG_WARN_DOCUMENTATION_COMMENTS = YES;
				CLANG_WARN_EMPTY_BODY = YES;
				CLANG_WARN_ENUM_CONVERSION = YES;
				CLANG_WARN_INFINITE_RECURSION = YES;
				CLANG_WARN_INT_CONVERSION = YES;
				CLANG_WARN_NON_LITERAL_NULL_CONVERSION = YES;
				CLANG_WARN_OBJC_IMPLICIT_RETAIN_SELF = YES;
				CLANG_WARN_OBJC_LITERAL_CONVERSION = YES;
				CLANG_WARN_OBJC_ROOT_CLASS = YES_ERROR;
				CLANG_WARN_RANGE_LOOP_ANALYSIS = YES;
				CLANG_WARN_STRICT_PROTOTYPES = YES;
				CLANG_WARN_SUSPICIOUS_MOVE = YES;
				CLANG_WARN_UNGUARDED_AVAILABILITY = YES_AGGRESSIVE;
				CLANG_WARN_UNREACHABLE_CODE = YES;
				CLANG_WARN__DUPLICATE_METHOD_MATCH = YES;
				COPY_PHASE_STRIP = NO;
				DEBUG_INFORMATION_FORMAT = dwarf;
				ENABLE_STRICT_OBJC_MSGSEND = YES;
				ENABLE_TESTABILITY = YES;
				GCC_C_LANGUAGE_STANDARD = gnu11;
				GCC_DYNAMIC_NO_PIC = NO;
				GCC_NO_COMMON_BLOCKS = YES;
				GCC_OPTIMIZATION_LEVEL = 0;
				GCC_PREPROCESSOR_DEFINITIONS = (
					"DEBUG=1",
					"$(inherited)",
				);
				GCC_WARN_64_TO_32_BIT_CONVERSION = YES;
				GCC_WARN_ABOUT_RETURN_TYPE = YES_ERROR;
				GCC_WARN_UNDECLARED_SELECTOR = YES;
				GCC_WARN_UNINITIALIZED_AUTOS = YES_AGGRESSIVE;
				GCC_WARN_UNUSED_FUNCTION = YES;
				GCC_WARN_UNUSED_VARIABLE = YES;
				IPHONEOS_DEPLOYMENT_TARGET = 13.5;
				MTL_ENABLE_DEBUG_INFO = INCLUDE_SOURCE;
				MTL_FAST_MATH = YES;
				ONLY_ACTIVE_ARCH = YES;
				SDKROOT = iphoneos;
				SWIFT_ACTIVE_COMPILATION_CONDITIONS = DEBUG;
				SWIFT_OPTIMIZATION_LEVEL = "-Onone";
			};
			name = Debug;
		};
		93AF7C9B248F29AB00E42A9D /* Release */ = {
			isa = XCBuildConfiguration;
			buildSettings = {
				ALWAYS_SEARCH_USER_PATHS = NO;
				CLANG_ANALYZER_NONNULL = YES;
				CLANG_ANALYZER_NUMBER_OBJECT_CONVERSION = YES_AGGRESSIVE;
				CLANG_CXX_LANGUAGE_STANDARD = "gnu++14";
				CLANG_CXX_LIBRARY = "libc++";
				CLANG_ENABLE_MODULES = YES;
				CLANG_ENABLE_OBJC_ARC = YES;
				CLANG_ENABLE_OBJC_WEAK = YES;
				CLANG_WARN_BLOCK_CAPTURE_AUTORELEASING = YES;
				CLANG_WARN_BOOL_CONVERSION = YES;
				CLANG_WARN_COMMA = YES;
				CLANG_WARN_CONSTANT_CONVERSION = YES;
				CLANG_WARN_DEPRECATED_OBJC_IMPLEMENTATIONS = YES;
				CLANG_WARN_DIRECT_OBJC_ISA_USAGE = YES_ERROR;
				CLANG_WARN_DOCUMENTATION_COMMENTS = YES;
				CLANG_WARN_EMPTY_BODY = YES;
				CLANG_WARN_ENUM_CONVERSION = YES;
				CLANG_WARN_INFINITE_RECURSION = YES;
				CLANG_WARN_INT_CONVERSION = YES;
				CLANG_WARN_NON_LITERAL_NULL_CONVERSION = YES;
				CLANG_WARN_OBJC_IMPLICIT_RETAIN_SELF = YES;
				CLANG_WARN_OBJC_LITERAL_CONVERSION = YES;
				CLANG_WARN_OBJC_ROOT_CLASS = YES_ERROR;
				CLANG_WARN_RANGE_LOOP_ANALYSIS = YES;
				CLANG_WARN_STRICT_PROTOTYPES = YES;
				CLANG_WARN_SUSPICIOUS_MOVE = YES;
				CLANG_WARN_UNGUARDED_AVAILABILITY = YES_AGGRESSIVE;
				CLANG_WARN_UNREACHABLE_CODE = YES;
				CLANG_WARN__DUPLICATE_METHOD_MATCH = YES;
				COPY_PHASE_STRIP = NO;
				DEBUG_INFORMATION_FORMAT = "dwarf-with-dsym";
				ENABLE_NS_ASSERTIONS = NO;
				ENABLE_STRICT_OBJC_MSGSEND = YES;
				GCC_C_LANGUAGE_STANDARD = gnu11;
				GCC_NO_COMMON_BLOCKS = YES;
				GCC_WARN_64_TO_32_BIT_CONVERSION = YES;
				GCC_WARN_ABOUT_RETURN_TYPE = YES_ERROR;
				GCC_WARN_UNDECLARED_SELECTOR = YES;
				GCC_WARN_UNINITIALIZED_AUTOS = YES_AGGRESSIVE;
				GCC_WARN_UNUSED_FUNCTION = YES;
				GCC_WARN_UNUSED_VARIABLE = YES;
				IPHONEOS_DEPLOYMENT_TARGET = 13.5;
				MTL_ENABLE_DEBUG_INFO = NO;
				MTL_FAST_MATH = YES;
				SDKROOT = iphoneos;
				SWIFT_COMPILATION_MODE = wholemodule;
				SWIFT_OPTIMIZATION_LEVEL = "-O";
				VALIDATE_PRODUCT = YES;
			};
			name = Release;
		};
		93AF7C9D248F29AB00E42A9D /* Debug */ = {
			isa = XCBuildConfiguration;
			buildSettings = {
				ASSETCATALOG_COMPILER_APPICON_NAME = AppIcon;
				CODE_SIGN_STYLE = Automatic;
				DEVELOPMENT_TEAM = A2RFPY92N7;
				INFOPLIST_FILE = "Virtual Tour/Info.plist";
				LD_RUNPATH_SEARCH_PATHS = (
					"$(inherited)",
					"@executable_path/Frameworks",
				);
				PRODUCT_BUNDLE_IDENTIFIER = "biz.jamesconsulting.Virtual-Tour";
				PRODUCT_NAME = "$(TARGET_NAME)";
				SWIFT_VERSION = 5.0;
				TARGETED_DEVICE_FAMILY = "1,2";
			};
			name = Debug;
		};
		93AF7C9E248F29AB00E42A9D /* Release */ = {
			isa = XCBuildConfiguration;
			buildSettings = {
				ASSETCATALOG_COMPILER_APPICON_NAME = AppIcon;
				CODE_SIGN_STYLE = Automatic;
				DEVELOPMENT_TEAM = A2RFPY92N7;
				INFOPLIST_FILE = "Virtual Tour/Info.plist";
				LD_RUNPATH_SEARCH_PATHS = (
					"$(inherited)",
					"@executable_path/Frameworks",
				);
				PRODUCT_BUNDLE_IDENTIFIER = "biz.jamesconsulting.Virtual-Tour";
				PRODUCT_NAME = "$(TARGET_NAME)";
				SWIFT_VERSION = 5.0;
				TARGETED_DEVICE_FAMILY = "1,2";
			};
			name = Release;
		};
/* End XCBuildConfiguration section */

/* Begin XCConfigurationList section */
		93AF7C83248F29AB00E42A9D /* Build configuration list for PBXProject "Virtual Tour" */ = {
			isa = XCConfigurationList;
			buildConfigurations = (
				93AF7C9A248F29AB00E42A9D /* Debug */,
				93AF7C9B248F29AB00E42A9D /* Release */,
			);
			defaultConfigurationIsVisible = 0;
			defaultConfigurationName = Release;
		};
		93AF7C9C248F29AB00E42A9D /* Build configuration list for PBXNativeTarget "Virtual Tour" */ = {
			isa = XCConfigurationList;
			buildConfigurations = (
				93AF7C9D248F29AB00E42A9D /* Debug */,
				93AF7C9E248F29AB00E42A9D /* Release */,
			);
			defaultConfigurationIsVisible = 0;
			defaultConfigurationName = Release;
		};
/* End XCConfigurationList section */

/* Begin XCVersionGroup section */
		93AF7CA2248F2D4D00E42A9D /* VirtualTour.xcdatamodeld */ = {
			isa = XCVersionGroup;
			children = (
				93AF7CA3248F2D4D00E42A9D /* VirtualTour.xcdatamodel */,
			);
			currentVersion = 93AF7CA3248F2D4D00E42A9D /* VirtualTour.xcdatamodel */;
			path = VirtualTour.xcdatamodeld;
			sourceTree = "<group>";
			versionGroupType = wrapper.xcdatamodel;
		};
/* End XCVersionGroup section */
	};
	rootObject = 93AF7C80248F29AB00E42A9D /* Project object */;
}
