// !$*UTF8*$!
{
	archiveVersion = 1;
	classes = {
	};
	objectVersion = 50;
	objects = {

/* Begin PBXBuildFile section */
		93AEBFC8248D76A800A85FF9 /* AppDelegate.swift in Sources */ = {isa = PBXBuildFile; fileRef = 93AEBFC7248D76A800A85FF9 /* AppDelegate.swift */; };
		93AEBFCA248D76A800A85FF9 /* SceneDelegate.swift in Sources */ = {isa = PBXBuildFile; fileRef = 93AEBFC9248D76A800A85FF9 /* SceneDelegate.swift */; };
		93AEBFCC248D76A800A85FF9 /* ViewController.swift in Sources */ = {isa = PBXBuildFile; fileRef = 93AEBFCB248D76A800A85FF9 /* ViewController.swift */; };
		93AEBFCF248D76A800A85FF9 /* Main.storyboard in Resources */ = {isa = PBXBuildFile; fileRef = 93AEBFCD248D76A800A85FF9 /* Main.storyboard */; };
		93AEBFD2248D76A800A85FF9 /* Virtual_Tour.xcdatamodeld in Sources */ = {isa = PBXBuildFile; fileRef = 93AEBFD0248D76A800A85FF9 /* Virtual_Tour.xcdatamodeld */; };
		93AEBFD4248D76AA00A85FF9 /* Assets.xcassets in Resources */ = {isa = PBXBuildFile; fileRef = 93AEBFD3248D76AA00A85FF9 /* Assets.xcassets */; };
		93AEBFD7248D76AA00A85FF9 /* LaunchScreen.storyboard in Resources */ = {isa = PBXBuildFile; fileRef = 93AEBFD5248D76AA00A85FF9 /* LaunchScreen.storyboard */; };
/* End PBXBuildFile section */

/* Begin PBXFileReference section */
		93AEBFC4248D76A800A85FF9 /* Virtual Tour.app */ = {isa = PBXFileReference; explicitFileType = wrapper.application; includeInIndex = 0; path = "Virtual Tour.app"; sourceTree = BUILT_PRODUCTS_DIR; };
		93AEBFC7248D76A800A85FF9 /* AppDelegate.swift */ = {isa = PBXFileReference; lastKnownFileType = sourcecode.swift; path = AppDelegate.swift; sourceTree = "<group>"; };
		93AEBFC9248D76A800A85FF9 /* SceneDelegate.swift */ = {isa = PBXFileReference; lastKnownFileType = sourcecode.swift; path = SceneDelegate.swift; sourceTree = "<group>"; };
		93AEBFCB248D76A800A85FF9 /* ViewController.swift */ = {isa = PBXFileReference; lastKnownFileType = sourcecode.swift; path = ViewController.swift; sourceTree = "<group>"; };
		93AEBFCE248D76A800A85FF9 /* Base */ = {isa = PBXFileReference; lastKnownFileType = file.storyboard; name = Base; path = Base.lproj/Main.storyboard; sourceTree = "<group>"; };
		93AEBFD1248D76A800A85FF9 /* Virtual_Tour.xcdatamodel */ = {isa = PBXFileReference; lastKnownFileType = wrapper.xcdatamodel; path = Virtual_Tour.xcdatamodel; sourceTree = "<group>"; };
		93AEBFD3248D76AA00A85FF9 /* Assets.xcassets */ = {isa = PBXFileReference; lastKnownFileType = folder.assetcatalog; path = Assets.xcassets; sourceTree = "<group>"; };
		93AEBFD6248D76AA00A85FF9 /* Base */ = {isa = PBXFileReference; lastKnownFileType = file.storyboard; name = Base; path = Base.lproj/LaunchScreen.storyboard; sourceTree = "<group>"; };
		93AEBFD8248D76AA00A85FF9 /* Info.plist */ = {isa = PBXFileReference; lastKnownFileType = text.plist.xml; path = Info.plist; sourceTree = "<group>"; };
/* End PBXFileReference section */

/* Begin PBXFrameworksBuildPhase section */
		93AEBFC1248D76A800A85FF9 /* Frameworks */ = {
			isa = PBXFrameworksBuildPhase;
			buildActionMask = 2147483647;
			files = (
			);
			runOnlyForDeploymentPostprocessing = 0;
		};
/* End PBXFrameworksBuildPhase section */

/* Begin PBXGroup section */
		93AEBFBB248D76A800A85FF9 = {
			isa = PBXGroup;
			children = (
				93AEBFC6248D76A800A85FF9 /* Virtual Tour */,
				93AEBFC5248D76A800A85FF9 /* Products */,
			);
			sourceTree = "<group>";
		};
		93AEBFC5248D76A800A85FF9 /* Products */ = {
			isa = PBXGroup;
			children = (
				93AEBFC4248D76A800A85FF9 /* Virtual Tour.app */,
			);
			name = Products;
			sourceTree = "<group>";
		};
		93AEBFC6248D76A800A85FF9 /* Virtual Tour */ = {
			isa = PBXGroup;
			children = (
				93AEBFC7248D76A800A85FF9 /* AppDelegate.swift */,
				93AEBFC9248D76A800A85FF9 /* SceneDelegate.swift */,
				93AEBFE0248D76E900A85FF9 /* Controllers */,
				93AEBFDE248D76BE00A85FF9 /* Assets */,
				93AEBFD8248D76AA00A85FF9 /* Info.plist */,
				93AEBFDF248D76D000A85FF9 /* Model */,
			);
			path = "Virtual Tour";
			sourceTree = "<group>";
		};
		93AEBFDE248D76BE00A85FF9 /* Assets */ = {
			isa = PBXGroup;
			children = (
				93AEBFCD248D76A800A85FF9 /* Main.storyboard */,
				93AEBFD3248D76AA00A85FF9 /* Assets.xcassets */,
				93AEBFD5248D76AA00A85FF9 /* LaunchScreen.storyboard */,
			);
			path = Assets;
			sourceTree = "<group>";
		};
		93AEBFDF248D76D000A85FF9 /* Model */ = {
			isa = PBXGroup;
			children = (
				93AEBFD0248D76A800A85FF9 /* Virtual_Tour.xcdatamodeld */,
			);
			path = Model;
			sourceTree = "<group>";
		};
		93AEBFE0248D76E900A85FF9 /* Controllers */ = {
			isa = PBXGroup;
			children = (
				93AEBFCB248D76A800A85FF9 /* ViewController.swift */,
			);
			path = Controllers;
			sourceTree = "<group>";
		};
/* End PBXGroup section */

/* Begin PBXNativeTarget section */
		93AEBFC3248D76A800A85FF9 /* Virtual Tour */ = {
			isa = PBXNativeTarget;
			buildConfigurationList = 93AEBFDB248D76AA00A85FF9 /* Build configuration list for PBXNativeTarget "Virtual Tour" */;
			buildPhases = (
				93AEBFC0248D76A800A85FF9 /* Sources */,
				93AEBFC1248D76A800A85FF9 /* Frameworks */,
				93AEBFC2248D76A800A85FF9 /* Resources */,
			);
			buildRules = (
			);
			dependencies = (
			);
			name = "Virtual Tour";
			productName = "Virtual Tour";
			productReference = 93AEBFC4248D76A800A85FF9 /* Virtual Tour.app */;
			productType = "com.apple.product-type.application";
		};
/* End PBXNativeTarget section */

/* Begin PBXProject section */
		93AEBFBC248D76A800A85FF9 /* Project object */ = {
			isa = PBXProject;
			attributes = {
				LastSwiftUpdateCheck = 1150;
				LastUpgradeCheck = 1150;
				ORGANIZATIONNAME = "James Consulting LLC";
				TargetAttributes = {
					93AEBFC3248D76A800A85FF9 = {
						CreatedOnToolsVersion = 11.5;
					};
				};
			};
			buildConfigurationList = 93AEBFBF248D76A800A85FF9 /* Build configuration list for PBXProject "Virtual Tour" */;
			compatibilityVersion = "Xcode 9.3";
			developmentRegion = en;
			hasScannedForEncodings = 0;
			knownRegions = (
				en,
				Base,
			);
			mainGroup = 93AEBFBB248D76A800A85FF9;
			productRefGroup = 93AEBFC5248D76A800A85FF9 /* Products */;
			projectDirPath = "";
			projectRoot = "";
			targets = (
				93AEBFC3248D76A800A85FF9 /* Virtual Tour */,
			);
		};
/* End PBXProject section */

/* Begin PBXResourcesBuildPhase section */
		93AEBFC2248D76A800A85FF9 /* Resources */ = {
			isa = PBXResourcesBuildPhase;
			buildActionMask = 2147483647;
			files = (
				93AEBFD7248D76AA00A85FF9 /* LaunchScreen.storyboard in Resources */,
				93AEBFD4248D76AA00A85FF9 /* Assets.xcassets in Resources */,
				93AEBFCF248D76A800A85FF9 /* Main.storyboard in Resources */,
			);
			runOnlyForDeploymentPostprocessing = 0;
		};
/* End PBXResourcesBuildPhase section */

/* Begin PBXSourcesBuildPhase section */
		93AEBFC0248D76A800A85FF9 /* Sources */ = {
			isa = PBXSourcesBuildPhase;
			buildActionMask = 2147483647;
			files = (
				93AEBFCC248D76A800A85FF9 /* ViewController.swift in Sources */,
				93AEBFD2248D76A800A85FF9 /* Virtual_Tour.xcdatamodeld in Sources */,
				93AEBFC8248D76A800A85FF9 /* AppDelegate.swift in Sources */,
				93AEBFCA248D76A800A85FF9 /* SceneDelegate.swift in Sources */,
			);
			runOnlyForDeploymentPostprocessing = 0;
		};
/* End PBXSourcesBuildPhase section */

/* Begin PBXVariantGroup section */
		93AEBFCD248D76A800A85FF9 /* Main.storyboard */ = {
			isa = PBXVariantGroup;
			children = (
				93AEBFCE248D76A800A85FF9 /* Base */,
			);
			name = Main.storyboard;
			sourceTree = "<group>";
		};
		93AEBFD5248D76AA00A85FF9 /* LaunchScreen.storyboard */ = {
			isa = PBXVariantGroup;
			children = (
				93AEBFD6248D76AA00A85FF9 /* Base */,
			);
			name = LaunchScreen.storyboard;
			sourceTree = "<group>";
		};
/* End PBXVariantGroup section */

/* Begin XCBuildConfiguration section */
		93AEBFD9248D76AA00A85FF9 /* Debug */ = {
			isa = XCBuildConfiguration;
			buildSettings = {
				ALWAYS_SEARCH_USER_PATHS = NO;
				CLANG_ANALYZER_NONNULL = YES;
				CLANG_ANALYZER_NUMBER_OBJECT_CONVERSION = YES_AGGRESSIVE;
				CLANG_CXX_LANGUAGE_STANDARD = "gnu++14";
				CLANG_CXX_LIBRARY = "libc++";
				CLANG_ENABLE_MODULES = YES;
				CLANG_ENABLE_OBJC_ARC = YES;
				CLANG_ENABLE_OBJC_WEAK = YES;
				CLANG_WARN_BLOCK_CAPTURE_AUTORELEASING = YES;
				CLANG_WARN_BOOL_CONVERSION = YES;
				CLANG_WARN_COMMA = YES;
				CLANG_WARN_CONSTANT_CONVERSION = YES;
				CLANG_WARN_DEPRECATED_OBJC_IMPLEMENTATIONS = YES;
				CLANG_WARN_DIRECT_OBJC_ISA_USAGE = YES_ERROR;
				CLANG_WARN_DOCUMENTATION_COMMENTS = YES;
				CLANG_WARN_EMPTY_BODY = YES;
				CLANG_WARN_ENUM_CONVERSION = YES;
				CLANG_WARN_INFINITE_RECURSION = YES;
				CLANG_WARN_INT_CONVERSION = YES;
				CLANG_WARN_NON_LITERAL_NULL_CONVERSION = YES;
				CLANG_WARN_OBJC_IMPLICIT_RETAIN_SELF = YES;
				CLANG_WARN_OBJC_LITERAL_CONVERSION = YES;
				CLANG_WARN_OBJC_ROOT_CLASS = YES_ERROR;
				CLANG_WARN_RANGE_LOOP_ANALYSIS = YES;
				CLANG_WARN_STRICT_PROTOTYPES = YES;
				CLANG_WARN_SUSPICIOUS_MOVE = YES;
				CLANG_WARN_UNGUARDED_AVAILABILITY = YES_AGGRESSIVE;
				CLANG_WARN_UNREACHABLE_CODE = YES;
				CLANG_WARN__DUPLICATE_METHOD_MATCH = YES;
				COPY_PHASE_STRIP = NO;
				DEBUG_INFORMATION_FORMAT = dwarf;
				ENABLE_STRICT_OBJC_MSGSEND = YES;
				ENABLE_TESTABILITY = YES;
				GCC_C_LANGUAGE_STANDARD = gnu11;
				GCC_DYNAMIC_NO_PIC = NO;
				GCC_NO_COMMON_BLOCKS = YES;
				GCC_OPTIMIZATION_LEVEL = 0;
				GCC_PREPROCESSOR_DEFINITIONS = (
					"DEBUG=1",
					"$(inherited)",
				);
				GCC_WARN_64_TO_32_BIT_CONVERSION = YES;
				GCC_WARN_ABOUT_RETURN_TYPE = YES_ERROR;
				GCC_WARN_UNDECLARED_SELECTOR = YES;
				GCC_WARN_UNINITIALIZED_AUTOS = YES_AGGRESSIVE;
				GCC_WARN_UNUSED_FUNCTION = YES;
				GCC_WARN_UNUSED_VARIABLE = YES;
				IPHONEOS_DEPLOYMENT_TARGET = 13.5;
				MTL_ENABLE_DEBUG_INFO = INCLUDE_SOURCE;
				MTL_FAST_MATH = YES;
				ONLY_ACTIVE_ARCH = YES;
				SDKROOT = iphoneos;
				SWIFT_ACTIVE_COMPILATION_CONDITIONS = DEBUG;
				SWIFT_OPTIMIZATION_LEVEL = "-Onone";
			};
			name = Debug;
		};
		93AEBFDA248D76AA00A85FF9 /* Release */ = {
			isa = XCBuildConfiguration;
			buildSettings = {
				ALWAYS_SEARCH_USER_PATHS = NO;
				CLANG_ANALYZER_NONNULL = YES;
				CLANG_ANALYZER_NUMBER_OBJECT_CONVERSION = YES_AGGRESSIVE;
				CLANG_CXX_LANGUAGE_STANDARD = "gnu++14";
				CLANG_CXX_LIBRARY = "libc++";
				CLANG_ENABLE_MODULES = YES;
				CLANG_ENABLE_OBJC_ARC = YES;
				CLANG_ENABLE_OBJC_WEAK = YES;
				CLANG_WARN_BLOCK_CAPTURE_AUTORELEASING = YES;
				CLANG_WARN_BOOL_CONVERSION = YES;
				CLANG_WARN_COMMA = YES;
				CLANG_WARN_CONSTANT_CONVERSION = YES;
				CLANG_WARN_DEPRECATED_OBJC_IMPLEMENTATIONS = YES;
				CLANG_WARN_DIRECT_OBJC_ISA_USAGE = YES_ERROR;
				CLANG_WARN_DOCUMENTATION_COMMENTS = YES;
				CLANG_WARN_EMPTY_BODY = YES;
				CLANG_WARN_ENUM_CONVERSION = YES;
				CLANG_WARN_INFINITE_RECURSION = YES;
				CLANG_WARN_INT_CONVERSION = YES;
				CLANG_WARN_NON_LITERAL_NULL_CONVERSION = YES;
				CLANG_WARN_OBJC_IMPLICIT_RETAIN_SELF = YES;
				CLANG_WARN_OBJC_LITERAL_CONVERSION = YES;
				CLANG_WARN_OBJC_ROOT_CLASS = YES_ERROR;
				CLANG_WARN_RANGE_LOOP_ANALYSIS = YES;
				CLANG_WARN_STRICT_PROTOTYPES = YES;
				CLANG_WARN_SUSPICIOUS_MOVE = YES;
				CLANG_WARN_UNGUARDED_AVAILABILITY = YES_AGGRESSIVE;
				CLANG_WARN_UNREACHABLE_CODE = YES;
				CLANG_WARN__DUPLICATE_METHOD_MATCH = YES;
				COPY_PHASE_STRIP = NO;
				DEBUG_INFORMATION_FORMAT = "dwarf-with-dsym";
				ENABLE_NS_ASSERTIONS = NO;
				ENABLE_STRICT_OBJC_MSGSEND = YES;
				GCC_C_LANGUAGE_STANDARD = gnu11;
				GCC_NO_COMMON_BLOCKS = YES;
				GCC_WARN_64_TO_32_BIT_CONVERSION = YES;
				GCC_WARN_ABOUT_RETURN_TYPE = YES_ERROR;
				GCC_WARN_UNDECLARED_SELECTOR = YES;
				GCC_WARN_UNINITIALIZED_AUTOS = YES_AGGRESSIVE;
				GCC_WARN_UNUSED_FUNCTION = YES;
				GCC_WARN_UNUSED_VARIABLE = YES;
				IPHONEOS_DEPLOYMENT_TARGET = 13.5;
				MTL_ENABLE_DEBUG_INFO = NO;
				MTL_FAST_MATH = YES;
				SDKROOT = iphoneos;
				SWIFT_COMPILATION_MODE = wholemodule;
				SWIFT_OPTIMIZATION_LEVEL = "-O";
				VALIDATE_PRODUCT = YES;
			};
			name = Release;
		};
		93AEBFDC248D76AA00A85FF9 /* Debug */ = {
			isa = XCBuildConfiguration;
			buildSettings = {
				ASSETCATALOG_COMPILER_APPICON_NAME = AppIcon;
				CODE_SIGN_STYLE = Automatic;
				INFOPLIST_FILE = "Virtual Tour/Info.plist";
				LD_RUNPATH_SEARCH_PATHS = (
					"$(inherited)",
					"@executable_path/Frameworks",
				);
				PRODUCT_BUNDLE_IDENTIFIER = "biz.jamesconsulting.Virtual-Tour";
				PRODUCT_NAME = "$(TARGET_NAME)";
				SWIFT_VERSION = 5.0;
				TARGETED_DEVICE_FAMILY = "1,2";
			};
			name = Debug;
		};
		93AEBFDD248D76AA00A85FF9 /* Release */ = {
			isa = XCBuildConfiguration;
			buildSettings = {
				ASSETCATALOG_COMPILER_APPICON_NAME = AppIcon;
				CODE_SIGN_STYLE = Automatic;
				INFOPLIST_FILE = "Virtual Tour/Info.plist";
				LD_RUNPATH_SEARCH_PATHS = (
					"$(inherited)",
					"@executable_path/Frameworks",
				);
				PRODUCT_BUNDLE_IDENTIFIER = "biz.jamesconsulting.Virtual-Tour";
				PRODUCT_NAME = "$(TARGET_NAME)";
				SWIFT_VERSION = 5.0;
				TARGETED_DEVICE_FAMILY = "1,2";
			};
			name = Release;
		};
/* End XCBuildConfiguration section */

/* Begin XCConfigurationList section */
		93AEBFBF248D76A800A85FF9 /* Build configuration list for PBXProject "Virtual Tour" */ = {
			isa = XCConfigurationList;
			buildConfigurations = (
				93AEBFD9248D76AA00A85FF9 /* Debug */,
				93AEBFDA248D76AA00A85FF9 /* Release */,
			);
			defaultConfigurationIsVisible = 0;
			defaultConfigurationName = Release;
		};
		93AEBFDB248D76AA00A85FF9 /* Build configuration list for PBXNativeTarget "Virtual Tour" */ = {
			isa = XCConfigurationList;
			buildConfigurations = (
				93AEBFDC248D76AA00A85FF9 /* Debug */,
				93AEBFDD248D76AA00A85FF9 /* Release */,
			);
			defaultConfigurationIsVisible = 0;
			defaultConfigurationName = Release;
		};
/* End XCConfigurationList section */

/* Begin XCVersionGroup section */
		93AEBFD0248D76A800A85FF9 /* Virtual_Tour.xcdatamodeld */ = {
			isa = XCVersionGroup;
			children = (
				93AEBFD1248D76A800A85FF9 /* Virtual_Tour.xcdatamodel */,
			);
			currentVersion = 93AEBFD1248D76A800A85FF9 /* Virtual_Tour.xcdatamodel */;
			path = Virtual_Tour.xcdatamodeld;
			sourceTree = "<group>";
			versionGroupType = wrapper.xcdatamodel;
		};
/* End XCVersionGroup section */
	};
	rootObject = 93AEBFBC248D76A800A85FF9 /* Project object */;
}
